DEPENDENCIES
  atom
    git: https://github.com/ryersonlibrary/atom_cookbook.git
    revision: 57f9ec4900ac27b5308699122587d4c6fc18af66
    tag: v0.6.0
  lits_vm
    git: https://github.com/ryersonlibrary/lits_vm.git
    revision: 59b27bf2e4f95af15b1e3ad663ce2c28c5451e27
    tag: v0.7.0

GRAPH
  acme (4.0.0)
    compat_resource (>= 12.19)
  apt (7.1.1)
  ark (4.0.0)
    build-essential (>= 0.0.0)
    seven_zip (>= 0.0.0)
  atom (0.6.0)
    chef_nginx (~> 6.2.0)
    elasticsearch (~> 2.5.0)
    java (~> 3.1.2)
  build-essential (8.2.1)
    mingw (>= 1.1)
    seven_zip (>= 0.0.0)
  chef-sugar (5.0.0)
  chef_nginx (6.2.0)
    build-essential (>= 0.0.0)
    compat_resource (>= 12.16.3)
    ohai (>= 4.1.0)
    yum-epel (>= 0.0.0)
    zypper (>= 0.0.0)
  compat_resource (12.19.1)
  database (6.1.1)
    postgresql (>= 1.0.0)
  elasticsearch (2.5.0)
    apt (>= 0.0.0)
    ark (>= 0.0.0)
    chef-sugar (>= 0.0.0)
    yum (>= 0.0.0)
  firewall (2.7.0)
    chef-sugar (>= 0.0.0)
  homebrew (5.0.8)
  inifile_chef_gem (0.1.0)
    build-essential (>= 0.0.0)
  java (3.1.2)
    homebrew (>= 0.0.0)
    windows (>= 0.0.0)
  lits_vm (0.7.0)
    acme (~> 4.0.0)
    apt (>= 0.0.0)
    chef-sugar (~> 5.0.0)
    chef_nginx (~> 6.2.0)
    database (~> 6.1.1)
    elasticsearch (~> 2.5.0)
    firewall (~> 2.7.0)
    java (~> 3.1.2)
    mysql (~> 8.5.1)
    mysql2_chef_gem (~> 2.1.0)
    nodejs (~> 6.0.0)
    php (~> 6.1.1)
    selinux (~> 2.1.1)
    ssh-hardening (~> 2.7.0)
    sshd (~> 2.0.0)
    sudo (~> 5.4.4)
    tar (~> 2.2.0)
    users (~> 5.4.0)
    yum-epel (>= 0.0.0)
    yum-mysql-community (~> 4.0.1)
    yum-webtatic (>= 0.0.0)
  mariadb (1.5.4)
    apt (>= 0.0.0)
    build-essential (>= 0.0.0)
    selinux_policy (~> 2.0)
    yum (>= 0.0.0)
    yum-epel (>= 0.0.0)
    yum-scl (>= 0.0.0)
  mingw (2.1.0)
    seven_zip (>= 0.0.0)
  mysql (8.5.1)
  mysql2_chef_gem (2.1.0)
    build-essential (>= 2.4.0)
    mariadb (>= 0.0.0)
    mysql (>= 8.2.0)
  nodejs (6.0.0)
    ark (>= 2.0.2)
    build-essential (>= 5.0)
  ohai (5.2.5)
  php (6.1.1)
    build-essential (>= 5.0)
    yum-epel (>= 0.0.0)
  postgresql (7.1.3)
  selinux (2.1.1)
  selinux_policy (2.3.2)
  seven_zip (3.1.0)
    windows (>= 0.0.0)
  ssh-hardening (2.7.0)
  sshd (2.0.0)
  sudo (5.4.4)
  tar (2.2.0)
  users (5.4.0)
  windows (5.2.2)
  yum (3.13.0)
  yum-epel (3.3.0)
  yum-mysql-community (4.0.1)
  yum-scl (0.2.0)
    inifile_chef_gem (>= 0.0.0)
    yum (>= 0.0.0)
  yum-webtatic (0.7.0)
    yum (~> 3.0)
    yum-epel (>= 0.0.0)
  zypper (0.4.0)
